// !$*UTF8*$!
{
	archiveVersion = 1;
	classes = {
	};
	objectVersion = 46;
	objects = {

/* Begin PBXBuildFile section */
		1D5BC8F818485C9400983B90 /* Foundation.framework in Frameworks */ = {isa = PBXBuildFile; fileRef = 1D5BC8F718485C9400983B90 /* Foundation.framework */; };
		1D5BC8FA18485C9400983B90 /* CoreGraphics.framework in Frameworks */ = {isa = PBXBuildFile; fileRef = 1D5BC8F918485C9400983B90 /* CoreGraphics.framework */; };
		1D5BC8FC18485C9400983B90 /* UIKit.framework in Frameworks */ = {isa = PBXBuildFile; fileRef = 1D5BC8FB18485C9400983B90 /* UIKit.framework */; };
		1D5BC90218485C9400983B90 /* InfoPlist.strings in Resources */ = {isa = PBXBuildFile; fileRef = 1D5BC90018485C9400983B90 /* InfoPlist.strings */; };
		1D5BC90418485C9400983B90 /* main.m in Sources */ = {isa = PBXBuildFile; fileRef = 1D5BC90318485C9400983B90 /* main.m */; };
		1D5BC90818485C9400983B90 /* GVAppDelegate.m in Sources */ = {isa = PBXBuildFile; fileRef = 1D5BC90718485C9400983B90 /* GVAppDelegate.m */; };
		1D5BC90B18485C9400983B90 /* Main.storyboard in Resources */ = {isa = PBXBuildFile; fileRef = 1D5BC90918485C9400983B90 /* Main.storyboard */; };
		1D5BC90E18485C9400983B90 /* GVViewController.m in Sources */ = {isa = PBXBuildFile; fileRef = 1D5BC90D18485C9400983B90 /* GVViewController.m */; };
		1D5BC91018485C9400983B90 /* Images.xcassets in Resources */ = {isa = PBXBuildFile; fileRef = 1D5BC90F18485C9400983B90 /* Images.xcassets */; };
		1D5BC91718485C9500983B90 /* XCTest.framework in Frameworks */ = {isa = PBXBuildFile; fileRef = 1D5BC91618485C9500983B90 /* XCTest.framework */; };
		1D5BC91818485C9500983B90 /* Foundation.framework in Frameworks */ = {isa = PBXBuildFile; fileRef = 1D5BC8F718485C9400983B90 /* Foundation.framework */; };
		1D5BC91918485C9500983B90 /* UIKit.framework in Frameworks */ = {isa = PBXBuildFile; fileRef = 1D5BC8FB18485C9400983B90 /* UIKit.framework */; };
		1D5BC92118485C9500983B90 /* InfoPlist.strings in Resources */ = {isa = PBXBuildFile; fileRef = 1D5BC91F18485C9500983B90 /* InfoPlist.strings */; };
		1D5BC92318485C9500983B90 /* GreadyValleyTests.m in Sources */ = {isa = PBXBuildFile; fileRef = 1D5BC92218485C9500983B90 /* GreadyValleyTests.m */; };
		1D5BC93218485F6200983B90 /* 0.jpg in Resources */ = {isa = PBXBuildFile; fileRef = 1D5BC92D18485F6200983B90 /* 0.jpg */; };
		1D5BC93318485F6200983B90 /* 1.jpg in Resources */ = {isa = PBXBuildFile; fileRef = 1D5BC92E18485F6200983B90 /* 1.jpg */; };
		1D5BC93418485F6200983B90 /* 2.jpg in Resources */ = {isa = PBXBuildFile; fileRef = 1D5BC92F18485F6200983B90 /* 2.jpg */; };
		1D5BC93518485F6200983B90 /* 3.jpg in Resources */ = {isa = PBXBuildFile; fileRef = 1D5BC93018485F6200983B90 /* 3.jpg */; };
		1D5BC93618485F6200983B90 /* 4.jpg in Resources */ = {isa = PBXBuildFile; fileRef = 1D5BC93118485F6200983B90 /* 4.jpg */; };
		1D5BC9381848670A00983B90 /* LoginView.xib in Resources */ = {isa = PBXBuildFile; fileRef = 1D5BC9371848670A00983B90 /* LoginView.xib */; };
		1D84E608184878FA0005BCB8 /* Logo.jpeg in Resources */ = {isa = PBXBuildFile; fileRef = 1D84E607184878FA0005BCB8 /* Logo.jpeg */; };
		1D84E60B18487BA80005BCB8 /* facebook_login.png in Resources */ = {isa = PBXBuildFile; fileRef = 1D84E60A18487BA80005BCB8 /* facebook_login.png */; };
		1D84E61218487F830005BCB8 /* GVStartViewCrl.m in Sources */ = {isa = PBXBuildFile; fileRef = 1D84E61018487F830005BCB8 /* GVStartViewCrl.m */; };
		1D84E61318487F830005BCB8 /* GVStartViewCrl.xib in Resources */ = {isa = PBXBuildFile; fileRef = 1D84E61118487F830005BCB8 /* GVStartViewCrl.xib */; };
		1D84E616184883B00005BCB8 /* profile.jpg in Resources */ = {isa = PBXBuildFile; fileRef = 1D84E615184883B00005BCB8 /* profile.jpg */; };
		1D84E61A184884780005BCB8 /* GVGameViewCrl.m in Sources */ = {isa = PBXBuildFile; fileRef = 1D84E618184884780005BCB8 /* GVGameViewCrl.m */; };
		1D84E61B184884780005BCB8 /* GVGameViewCrl.xib in Resources */ = {isa = PBXBuildFile; fileRef = 1D84E619184884780005BCB8 /* GVGameViewCrl.xib */; };
		1D84E61E184886D90005BCB8 /* GVCell.m in Sources */ = {isa = PBXBuildFile; fileRef = 1D84E61D184886D90005BCB8 /* GVCell.m */; };
		1D84E6211848873E0005BCB8 /* GVGameProfile.m in Sources */ = {isa = PBXBuildFile; fileRef = 1D84E6201848873E0005BCB8 /* GVGameProfile.m */; };
		1D84E62818489EB20005BCB8 /* GVEventViewCrl.m in Sources */ = {isa = PBXBuildFile; fileRef = 1D84E62618489EB20005BCB8 /* GVEventViewCrl.m */; };
		1D84E62918489EB20005BCB8 /* GVEventViewCrl.xib in Resources */ = {isa = PBXBuildFile; fileRef = 1D84E62718489EB20005BCB8 /* GVEventViewCrl.xib */; };
		68FBE6021848A38900749228 /* .gitignore in Resources */ = {isa = PBXBuildFile; fileRef = 68FBE5771848A38800749228 /* .gitignore */; };
		68FBE6031848A38900749228 /* .travis.yml in Resources */ = {isa = PBXBuildFile; fileRef = 68FBE5781848A38800749228 /* .travis.yml */; };
		68FBE6041848A38900749228 /* AFHTTPRequestOperation.m in Sources */ = {isa = PBXBuildFile; fileRef = 68FBE57B1848A38800749228 /* AFHTTPRequestOperation.m */; };
		68FBE6051848A38900749228 /* AFHTTPRequestOperationManager.m in Sources */ = {isa = PBXBuildFile; fileRef = 68FBE57D1848A38800749228 /* AFHTTPRequestOperationManager.m */; };
		68FBE6061848A38900749228 /* AFHTTPSessionManager.m in Sources */ = {isa = PBXBuildFile; fileRef = 68FBE57F1848A38800749228 /* AFHTTPSessionManager.m */; };
		68FBE6071848A38900749228 /* AFNetworkReachabilityManager.m in Sources */ = {isa = PBXBuildFile; fileRef = 68FBE5821848A38800749228 /* AFNetworkReachabilityManager.m */; };
		68FBE6081848A38900749228 /* AFSecurityPolicy.m in Sources */ = {isa = PBXBuildFile; fileRef = 68FBE5841848A38800749228 /* AFSecurityPolicy.m */; };
		68FBE6091848A38900749228 /* AFURLConnectionOperation.m in Sources */ = {isa = PBXBuildFile; fileRef = 68FBE5861848A38800749228 /* AFURLConnectionOperation.m */; };
		68FBE60A1848A38900749228 /* AFURLRequestSerialization.m in Sources */ = {isa = PBXBuildFile; fileRef = 68FBE5881848A38800749228 /* AFURLRequestSerialization.m */; };
		68FBE60B1848A38900749228 /* AFURLResponseSerialization.m in Sources */ = {isa = PBXBuildFile; fileRef = 68FBE58A1848A38800749228 /* AFURLResponseSerialization.m */; };
		68FBE60C1848A38900749228 /* AFURLSessionManager.m in Sources */ = {isa = PBXBuildFile; fileRef = 68FBE58C1848A38800749228 /* AFURLSessionManager.m */; };
		68FBE60D1848A38900749228 /* AFNetworking.podspec in Resources */ = {isa = PBXBuildFile; fileRef = 68FBE58D1848A38800749228 /* AFNetworking.podspec */; };
		68FBE6431848A38900749228 /* AFNetworkActivityIndicatorManager.m in Sources */ = {isa = PBXBuildFile; fileRef = 68FBE5EF1848A38900749228 /* AFNetworkActivityIndicatorManager.m */; };
		68FBE6441848A38900749228 /* UIActivityIndicatorView+AFNetworking.m in Sources */ = {isa = PBXBuildFile; fileRef = 68FBE5F11848A38900749228 /* UIActivityIndicatorView+AFNetworking.m */; };
		68FBE6451848A38900749228 /* UIAlertView+AFNetworking.m in Sources */ = {isa = PBXBuildFile; fileRef = 68FBE5F31848A38900749228 /* UIAlertView+AFNetworking.m */; };
		68FBE6461848A38900749228 /* UIButton+AFNetworking.m in Sources */ = {isa = PBXBuildFile; fileRef = 68FBE5F51848A38900749228 /* UIButton+AFNetworking.m */; };
		68FBE6471848A38900749228 /* UIImageView+AFNetworking.m in Sources */ = {isa = PBXBuildFile; fileRef = 68FBE5F71848A38900749228 /* UIImageView+AFNetworking.m */; };
		68FBE6481848A38900749228 /* UIProgressView+AFNetworking.m in Sources */ = {isa = PBXBuildFile; fileRef = 68FBE5FA1848A38900749228 /* UIProgressView+AFNetworking.m */; };
		68FBE6491848A38900749228 /* UIWebView+AFNetworking.m in Sources */ = {isa = PBXBuildFile; fileRef = 68FBE5FC1848A38900749228 /* UIWebView+AFNetworking.m */; };
		68FBE64B1848A38900749228 /* JSONKit.m in Sources */ = {isa = PBXBuildFile; fileRef = 68FBE6001848A38900749228 /* JSONKit.m */; settings = {COMPILER_FLAGS = "-fno-objc-arc"; }; };
		68FBE6601848A9F300749228 /* FBFunctionViewController.m in Sources */ = {isa = PBXBuildFile; fileRef = 68FBE65E1848A9F300749228 /* FBFunctionViewController.m */; };
		68FBE6611848A9F300749228 /* FBFunctionViewController.xib in Resources */ = {isa = PBXBuildFile; fileRef = 68FBE65F1848A9F300749228 /* FBFunctionViewController.xib */; };
		68FBE6641848AF8200749228 /* FacebookSDK.framework in Frameworks */ = {isa = PBXBuildFile; fileRef = 68FBE6631848AF8200749228 /* FacebookSDK.framework */; };
/* End PBXBuildFile section */

/* Begin PBXContainerItemProxy section */
		1D5BC91A18485C9500983B90 /* PBXContainerItemProxy */ = {
			isa = PBXContainerItemProxy;
			containerPortal = 1D5BC8EC18485C9400983B90 /* Project object */;
			proxyType = 1;
			remoteGlobalIDString = 1D5BC8F318485C9400983B90;
			remoteInfo = GreadyValley;
		};
/* End PBXContainerItemProxy section */

/* Begin PBXFileReference section */
		1D5BC8F418485C9400983B90 /* GreadyValley.app */ = {isa = PBXFileReference; explicitFileType = wrapper.application; includeInIndex = 0; path = GreadyValley.app; sourceTree = BUILT_PRODUCTS_DIR; };
		1D5BC8F718485C9400983B90 /* Foundation.framework */ = {isa = PBXFileReference; lastKnownFileType = wrapper.framework; name = Foundation.framework; path = System/Library/Frameworks/Foundation.framework; sourceTree = SDKROOT; };
		1D5BC8F918485C9400983B90 /* CoreGraphics.framework */ = {isa = PBXFileReference; lastKnownFileType = wrapper.framework; name = CoreGraphics.framework; path = System/Library/Frameworks/CoreGraphics.framework; sourceTree = SDKROOT; };
		1D5BC8FB18485C9400983B90 /* UIKit.framework */ = {isa = PBXFileReference; lastKnownFileType = wrapper.framework; name = UIKit.framework; path = System/Library/Frameworks/UIKit.framework; sourceTree = SDKROOT; };
		1D5BC8FF18485C9400983B90 /* GreadyValley-Info.plist */ = {isa = PBXFileReference; lastKnownFileType = text.plist.xml; path = "GreadyValley-Info.plist"; sourceTree = "<group>"; };
		1D5BC90118485C9400983B90 /* en */ = {isa = PBXFileReference; lastKnownFileType = text.plist.strings; name = en; path = en.lproj/InfoPlist.strings; sourceTree = "<group>"; };
		1D5BC90318485C9400983B90 /* main.m */ = {isa = PBXFileReference; lastKnownFileType = sourcecode.c.objc; path = main.m; sourceTree = "<group>"; };
		1D5BC90518485C9400983B90 /* GreadyValley-Prefix.pch */ = {isa = PBXFileReference; lastKnownFileType = sourcecode.c.h; path = "GreadyValley-Prefix.pch"; sourceTree = "<group>"; };
		1D5BC90618485C9400983B90 /* GVAppDelegate.h */ = {isa = PBXFileReference; lastKnownFileType = sourcecode.c.h; path = GVAppDelegate.h; sourceTree = "<group>"; };
		1D5BC90718485C9400983B90 /* GVAppDelegate.m */ = {isa = PBXFileReference; lastKnownFileType = sourcecode.c.objc; path = GVAppDelegate.m; sourceTree = "<group>"; };
		1D5BC90A18485C9400983B90 /* Base */ = {isa = PBXFileReference; lastKnownFileType = file.storyboard; name = Base; path = Base.lproj/Main.storyboard; sourceTree = "<group>"; };
		1D5BC90C18485C9400983B90 /* GVViewController.h */ = {isa = PBXFileReference; lastKnownFileType = sourcecode.c.h; path = GVViewController.h; sourceTree = "<group>"; };
		1D5BC90D18485C9400983B90 /* GVViewController.m */ = {isa = PBXFileReference; lastKnownFileType = sourcecode.c.objc; path = GVViewController.m; sourceTree = "<group>"; };
		1D5BC90F18485C9400983B90 /* Images.xcassets */ = {isa = PBXFileReference; lastKnownFileType = folder.assetcatalog; path = Images.xcassets; sourceTree = "<group>"; };
		1D5BC91518485C9500983B90 /* GreadyValleyTests.xctest */ = {isa = PBXFileReference; explicitFileType = wrapper.cfbundle; includeInIndex = 0; path = GreadyValleyTests.xctest; sourceTree = BUILT_PRODUCTS_DIR; };
		1D5BC91618485C9500983B90 /* XCTest.framework */ = {isa = PBXFileReference; lastKnownFileType = wrapper.framework; name = XCTest.framework; path = Library/Frameworks/XCTest.framework; sourceTree = DEVELOPER_DIR; };
		1D5BC91E18485C9500983B90 /* GreadyValleyTests-Info.plist */ = {isa = PBXFileReference; lastKnownFileType = text.plist.xml; path = "GreadyValleyTests-Info.plist"; sourceTree = "<group>"; };
		1D5BC92018485C9500983B90 /* en */ = {isa = PBXFileReference; lastKnownFileType = text.plist.strings; name = en; path = en.lproj/InfoPlist.strings; sourceTree = "<group>"; };
		1D5BC92218485C9500983B90 /* GreadyValleyTests.m */ = {isa = PBXFileReference; lastKnownFileType = sourcecode.c.objc; path = GreadyValleyTests.m; sourceTree = "<group>"; };
		1D5BC92D18485F6200983B90 /* 0.jpg */ = {isa = PBXFileReference; lastKnownFileType = image.jpeg; path = 0.jpg; sourceTree = "<group>"; };
		1D5BC92E18485F6200983B90 /* 1.jpg */ = {isa = PBXFileReference; lastKnownFileType = image.jpeg; path = 1.jpg; sourceTree = "<group>"; };
		1D5BC92F18485F6200983B90 /* 2.jpg */ = {isa = PBXFileReference; lastKnownFileType = image.jpeg; path = 2.jpg; sourceTree = "<group>"; };
		1D5BC93018485F6200983B90 /* 3.jpg */ = {isa = PBXFileReference; lastKnownFileType = image.jpeg; path = 3.jpg; sourceTree = "<group>"; };
		1D5BC93118485F6200983B90 /* 4.jpg */ = {isa = PBXFileReference; lastKnownFileType = image.jpeg; path = 4.jpg; sourceTree = "<group>"; };
		1D5BC9371848670A00983B90 /* LoginView.xib */ = {isa = PBXFileReference; fileEncoding = 4; lastKnownFileType = file.xib; path = LoginView.xib; sourceTree = "<group>"; };
		1D84E607184878FA0005BCB8 /* Logo.jpeg */ = {isa = PBXFileReference; lastKnownFileType = image.jpeg; path = Logo.jpeg; sourceTree = "<group>"; };
		1D84E60A18487BA80005BCB8 /* facebook_login.png */ = {isa = PBXFileReference; lastKnownFileType = image.png; path = facebook_login.png; sourceTree = "<group>"; };
		1D84E60F18487F830005BCB8 /* GVStartViewCrl.h */ = {isa = PBXFileReference; fileEncoding = 4; lastKnownFileType = sourcecode.c.h; path = GVStartViewCrl.h; sourceTree = "<group>"; };
		1D84E61018487F830005BCB8 /* GVStartViewCrl.m */ = {isa = PBXFileReference; fileEncoding = 4; lastKnownFileType = sourcecode.c.objc; path = GVStartViewCrl.m; sourceTree = "<group>"; };
		1D84E61118487F830005BCB8 /* GVStartViewCrl.xib */ = {isa = PBXFileReference; fileEncoding = 4; lastKnownFileType = file.xib; path = GVStartViewCrl.xib; sourceTree = "<group>"; };
		1D84E615184883B00005BCB8 /* profile.jpg */ = {isa = PBXFileReference; lastKnownFileType = image.jpeg; path = profile.jpg; sourceTree = "<group>"; };
		1D84E617184884780005BCB8 /* GVGameViewCrl.h */ = {isa = PBXFileReference; fileEncoding = 4; lastKnownFileType = sourcecode.c.h; path = GVGameViewCrl.h; sourceTree = "<group>"; };
		1D84E618184884780005BCB8 /* GVGameViewCrl.m */ = {isa = PBXFileReference; fileEncoding = 4; lastKnownFileType = sourcecode.c.objc; path = GVGameViewCrl.m; sourceTree = "<group>"; };
		1D84E619184884780005BCB8 /* GVGameViewCrl.xib */ = {isa = PBXFileReference; fileEncoding = 4; lastKnownFileType = file.xib; path = GVGameViewCrl.xib; sourceTree = "<group>"; };
		1D84E61C184886D90005BCB8 /* GVCell.h */ = {isa = PBXFileReference; fileEncoding = 4; lastKnownFileType = sourcecode.c.h; path = GVCell.h; sourceTree = "<group>"; };
		1D84E61D184886D90005BCB8 /* GVCell.m */ = {isa = PBXFileReference; fileEncoding = 4; lastKnownFileType = sourcecode.c.objc; path = GVCell.m; sourceTree = "<group>"; };
		1D84E61F1848873E0005BCB8 /* GVGameProfile.h */ = {isa = PBXFileReference; fileEncoding = 4; lastKnownFileType = sourcecode.c.h; path = GVGameProfile.h; sourceTree = "<group>"; };
		1D84E6201848873E0005BCB8 /* GVGameProfile.m */ = {isa = PBXFileReference; fileEncoding = 4; lastKnownFileType = sourcecode.c.objc; path = GVGameProfile.m; sourceTree = "<group>"; };
		1D84E62518489EB20005BCB8 /* GVEventViewCrl.h */ = {isa = PBXFileReference; fileEncoding = 4; lastKnownFileType = sourcecode.c.h; path = GVEventViewCrl.h; sourceTree = "<group>"; };
		1D84E62618489EB20005BCB8 /* GVEventViewCrl.m */ = {isa = PBXFileReference; fileEncoding = 4; lastKnownFileType = sourcecode.c.objc; path = GVEventViewCrl.m; sourceTree = "<group>"; };
		1D84E62718489EB20005BCB8 /* GVEventViewCrl.xib */ = {isa = PBXFileReference; fileEncoding = 4; lastKnownFileType = file.xib; path = GVEventViewCrl.xib; sourceTree = "<group>"; };
		68FBE5771848A38800749228 /* .gitignore */ = {isa = PBXFileReference; fileEncoding = 4; lastKnownFileType = text; path = .gitignore; sourceTree = "<group>"; };
		68FBE5781848A38800749228 /* .travis.yml */ = {isa = PBXFileReference; fileEncoding = 4; lastKnownFileType = text; path = .travis.yml; sourceTree = "<group>"; };
		68FBE57A1848A38800749228 /* AFHTTPRequestOperation.h */ = {isa = PBXFileReference; fileEncoding = 4; lastKnownFileType = sourcecode.c.h; path = AFHTTPRequestOperation.h; sourceTree = "<group>"; };
		68FBE57B1848A38800749228 /* AFHTTPRequestOperation.m */ = {isa = PBXFileReference; fileEncoding = 4; lastKnownFileType = sourcecode.c.objc; path = AFHTTPRequestOperation.m; sourceTree = "<group>"; };
		68FBE57C1848A38800749228 /* AFHTTPRequestOperationManager.h */ = {isa = PBXFileReference; fileEncoding = 4; lastKnownFileType = sourcecode.c.h; path = AFHTTPRequestOperationManager.h; sourceTree = "<group>"; };
		68FBE57D1848A38800749228 /* AFHTTPRequestOperationManager.m */ = {isa = PBXFileReference; fileEncoding = 4; lastKnownFileType = sourcecode.c.objc; path = AFHTTPRequestOperationManager.m; sourceTree = "<group>"; };
		68FBE57E1848A38800749228 /* AFHTTPSessionManager.h */ = {isa = PBXFileReference; fileEncoding = 4; lastKnownFileType = sourcecode.c.h; path = AFHTTPSessionManager.h; sourceTree = "<group>"; };
		68FBE57F1848A38800749228 /* AFHTTPSessionManager.m */ = {isa = PBXFileReference; fileEncoding = 4; lastKnownFileType = sourcecode.c.objc; path = AFHTTPSessionManager.m; sourceTree = "<group>"; };
		68FBE5801848A38800749228 /* AFNetworking.h */ = {isa = PBXFileReference; fileEncoding = 4; lastKnownFileType = sourcecode.c.h; path = AFNetworking.h; sourceTree = "<group>"; };
		68FBE5811848A38800749228 /* AFNetworkReachabilityManager.h */ = {isa = PBXFileReference; fileEncoding = 4; lastKnownFileType = sourcecode.c.h; path = AFNetworkReachabilityManager.h; sourceTree = "<group>"; };
		68FBE5821848A38800749228 /* AFNetworkReachabilityManager.m */ = {isa = PBXFileReference; fileEncoding = 4; lastKnownFileType = sourcecode.c.objc; path = AFNetworkReachabilityManager.m; sourceTree = "<group>"; };
		68FBE5831848A38800749228 /* AFSecurityPolicy.h */ = {isa = PBXFileReference; fileEncoding = 4; lastKnownFileType = sourcecode.c.h; path = AFSecurityPolicy.h; sourceTree = "<group>"; };
		68FBE5841848A38800749228 /* AFSecurityPolicy.m */ = {isa = PBXFileReference; fileEncoding = 4; lastKnownFileType = sourcecode.c.objc; path = AFSecurityPolicy.m; sourceTree = "<group>"; };
		68FBE5851848A38800749228 /* AFURLConnectionOperation.h */ = {isa = PBXFileReference; fileEncoding = 4; lastKnownFileType = sourcecode.c.h; path = AFURLConnectionOperation.h; sourceTree = "<group>"; };
		68FBE5861848A38800749228 /* AFURLConnectionOperation.m */ = {isa = PBXFileReference; fileEncoding = 4; lastKnownFileType = sourcecode.c.objc; path = AFURLConnectionOperation.m; sourceTree = "<group>"; };
		68FBE5871848A38800749228 /* AFURLRequestSerialization.h */ = {isa = PBXFileReference; fileEncoding = 4; lastKnownFileType = sourcecode.c.h; path = AFURLRequestSerialization.h; sourceTree = "<group>"; };
		68FBE5881848A38800749228 /* AFURLRequestSerialization.m */ = {isa = PBXFileReference; fileEncoding = 4; lastKnownFileType = sourcecode.c.objc; path = AFURLRequestSerialization.m; sourceTree = "<group>"; };
		68FBE5891848A38800749228 /* AFURLResponseSerialization.h */ = {isa = PBXFileReference; fileEncoding = 4; lastKnownFileType = sourcecode.c.h; path = AFURLResponseSerialization.h; sourceTree = "<group>"; };
		68FBE58A1848A38800749228 /* AFURLResponseSerialization.m */ = {isa = PBXFileReference; fileEncoding = 4; lastKnownFileType = sourcecode.c.objc; path = AFURLResponseSerialization.m; sourceTree = "<group>"; };
		68FBE58B1848A38800749228 /* AFURLSessionManager.h */ = {isa = PBXFileReference; fileEncoding = 4; lastKnownFileType = sourcecode.c.h; path = AFURLSessionManager.h; sourceTree = "<group>"; };
		68FBE58C1848A38800749228 /* AFURLSessionManager.m */ = {isa = PBXFileReference; fileEncoding = 4; lastKnownFileType = sourcecode.c.objc; path = AFURLSessionManager.m; sourceTree = "<group>"; };
		68FBE58D1848A38800749228 /* AFNetworking.podspec */ = {isa = PBXFileReference; fileEncoding = 4; lastKnownFileType = text; path = AFNetworking.podspec; sourceTree = "<group>"; };
		68FBE5EE1848A38900749228 /* AFNetworkActivityIndicatorManager.h */ = {isa = PBXFileReference; fileEncoding = 4; lastKnownFileType = sourcecode.c.h; path = AFNetworkActivityIndicatorManager.h; sourceTree = "<group>"; };
		68FBE5EF1848A38900749228 /* AFNetworkActivityIndicatorManager.m */ = {isa = PBXFileReference; fileEncoding = 4; lastKnownFileType = sourcecode.c.objc; path = AFNetworkActivityIndicatorManager.m; sourceTree = "<group>"; };
		68FBE5F01848A38900749228 /* UIActivityIndicatorView+AFNetworking.h */ = {isa = PBXFileReference; fileEncoding = 4; lastKnownFileType = sourcecode.c.h; path = "UIActivityIndicatorView+AFNetworking.h"; sourceTree = "<group>"; };
		68FBE5F11848A38900749228 /* UIActivityIndicatorView+AFNetworking.m */ = {isa = PBXFileReference; fileEncoding = 4; lastKnownFileType = sourcecode.c.objc; path = "UIActivityIndicatorView+AFNetworking.m"; sourceTree = "<group>"; };
		68FBE5F21848A38900749228 /* UIAlertView+AFNetworking.h */ = {isa = PBXFileReference; fileEncoding = 4; lastKnownFileType = sourcecode.c.h; path = "UIAlertView+AFNetworking.h"; sourceTree = "<group>"; };
		68FBE5F31848A38900749228 /* UIAlertView+AFNetworking.m */ = {isa = PBXFileReference; fileEncoding = 4; lastKnownFileType = sourcecode.c.objc; path = "UIAlertView+AFNetworking.m"; sourceTree = "<group>"; };
		68FBE5F41848A38900749228 /* UIButton+AFNetworking.h */ = {isa = PBXFileReference; fileEncoding = 4; lastKnownFileType = sourcecode.c.h; path = "UIButton+AFNetworking.h"; sourceTree = "<group>"; };
		68FBE5F51848A38900749228 /* UIButton+AFNetworking.m */ = {isa = PBXFileReference; fileEncoding = 4; lastKnownFileType = sourcecode.c.objc; path = "UIButton+AFNetworking.m"; sourceTree = "<group>"; };
		68FBE5F61848A38900749228 /* UIImageView+AFNetworking.h */ = {isa = PBXFileReference; fileEncoding = 4; lastKnownFileType = sourcecode.c.h; path = "UIImageView+AFNetworking.h"; sourceTree = "<group>"; };
		68FBE5F71848A38900749228 /* UIImageView+AFNetworking.m */ = {isa = PBXFileReference; fileEncoding = 4; lastKnownFileType = sourcecode.c.objc; path = "UIImageView+AFNetworking.m"; sourceTree = "<group>"; };
		68FBE5F81848A38900749228 /* UIKit+AFNetworking.h */ = {isa = PBXFileReference; fileEncoding = 4; lastKnownFileType = sourcecode.c.h; path = "UIKit+AFNetworking.h"; sourceTree = "<group>"; };
		68FBE5F91848A38900749228 /* UIProgressView+AFNetworking.h */ = {isa = PBXFileReference; fileEncoding = 4; lastKnownFileType = sourcecode.c.h; path = "UIProgressView+AFNetworking.h"; sourceTree = "<group>"; };
		68FBE5FA1848A38900749228 /* UIProgressView+AFNetworking.m */ = {isa = PBXFileReference; fileEncoding = 4; lastKnownFileType = sourcecode.c.objc; path = "UIProgressView+AFNetworking.m"; sourceTree = "<group>"; };
		68FBE5FB1848A38900749228 /* UIWebView+AFNetworking.h */ = {isa = PBXFileReference; fileEncoding = 4; lastKnownFileType = sourcecode.c.h; path = "UIWebView+AFNetworking.h"; sourceTree = "<group>"; };
		68FBE5FC1848A38900749228 /* UIWebView+AFNetworking.m */ = {isa = PBXFileReference; fileEncoding = 4; lastKnownFileType = sourcecode.c.objc; path = "UIWebView+AFNetworking.m"; sourceTree = "<group>"; };
		68FBE5FF1848A38900749228 /* JSONKit.h */ = {isa = PBXFileReference; fileEncoding = 4; lastKnownFileType = sourcecode.c.h; path = JSONKit.h; sourceTree = "<group>"; };
		68FBE6001848A38900749228 /* JSONKit.m */ = {isa = PBXFileReference; fileEncoding = 4; lastKnownFileType = sourcecode.c.objc; path = JSONKit.m; sourceTree = "<group>"; };
		68FBE65D1848A9F300749228 /* FBFunctionViewController.h */ = {isa = PBXFileReference; fileEncoding = 4; lastKnownFileType = sourcecode.c.h; path = FBFunctionViewController.h; sourceTree = "<group>"; };
		68FBE65E1848A9F300749228 /* FBFunctionViewController.m */ = {isa = PBXFileReference; fileEncoding = 4; lastKnownFileType = sourcecode.c.objc; path = FBFunctionViewController.m; sourceTree = "<group>"; };
		68FBE65F1848A9F300749228 /* FBFunctionViewController.xib */ = {isa = PBXFileReference; fileEncoding = 4; lastKnownFileType = file.xib; path = FBFunctionViewController.xib; sourceTree = "<group>"; };
		68FBE6631848AF8200749228 /* FacebookSDK.framework */ = {isa = PBXFileReference; lastKnownFileType = wrapper.framework; path = FacebookSDK.framework; sourceTree = "<group>"; };
/* End PBXFileReference section */

/* Begin PBXFrameworksBuildPhase section */
		1D5BC8F118485C9400983B90 /* Frameworks */ = {
			isa = PBXFrameworksBuildPhase;
			buildActionMask = 2147483647;
			files = (
				1D5BC8FA18485C9400983B90 /* CoreGraphics.framework in Frameworks */,
				68FBE6641848AF8200749228 /* FacebookSDK.framework in Frameworks */,
				1D5BC8FC18485C9400983B90 /* UIKit.framework in Frameworks */,
				1D5BC8F818485C9400983B90 /* Foundation.framework in Frameworks */,
			);
			runOnlyForDeploymentPostprocessing = 0;
		};
		1D5BC91218485C9500983B90 /* Frameworks */ = {
			isa = PBXFrameworksBuildPhase;
			buildActionMask = 2147483647;
			files = (
				1D5BC91718485C9500983B90 /* XCTest.framework in Frameworks */,
				1D5BC91918485C9500983B90 /* UIKit.framework in Frameworks */,
				1D5BC91818485C9500983B90 /* Foundation.framework in Frameworks */,
			);
			runOnlyForDeploymentPostprocessing = 0;
		};
/* End PBXFrameworksBuildPhase section */

/* Begin PBXGroup section */
		1D5BC8EB18485C9400983B90 = {
			isa = PBXGroup;
			children = (
				68FBE6621848AF8200749228 /* Frameworks */,
				68FBE5751848A38800749228 /* Libs */,
				1D5BC8FD18485C9400983B90 /* GreadyValley */,
				1D5BC91C18485C9500983B90 /* GreadyValleyTests */,
				1D5BC8F618485C9400983B90 /* Frameworks */,
				1D5BC8F518485C9400983B90 /* Products */,
			);
			sourceTree = "<group>";
		};
		1D5BC8F518485C9400983B90 /* Products */ = {
			isa = PBXGroup;
			children = (
				1D5BC8F418485C9400983B90 /* GreadyValley.app */,
				1D5BC91518485C9500983B90 /* GreadyValleyTests.xctest */,
			);
			name = Products;
			sourceTree = "<group>";
		};
		1D5BC8F618485C9400983B90 /* Frameworks */ = {
			isa = PBXGroup;
			children = (
				1D5BC8F718485C9400983B90 /* Foundation.framework */,
				1D5BC8F918485C9400983B90 /* CoreGraphics.framework */,
				1D5BC8FB18485C9400983B90 /* UIKit.framework */,
				1D5BC91618485C9500983B90 /* XCTest.framework */,
			);
			name = Frameworks;
			sourceTree = "<group>";
		};
		1D5BC8FD18485C9400983B90 /* GreadyValley */ = {
			isa = PBXGroup;
			children = (
				68FBE65C1848A9D200749228 /* NetworkTestbed */,
				1D5BC9371848670A00983B90 /* LoginView.xib */,
				1D5BC90618485C9400983B90 /* GVAppDelegate.h */,
				1D5BC90718485C9400983B90 /* GVAppDelegate.m */,
				1D5BC90918485C9400983B90 /* Main.storyboard */,
				1D5BC90C18485C9400983B90 /* GVViewController.h */,
				1D5BC90D18485C9400983B90 /* GVViewController.m */,
				1D5BC90F18485C9400983B90 /* Images.xcassets */,
				1D5BC8FE18485C9400983B90 /* Supporting Files */,
				1D84E60F18487F830005BCB8 /* GVStartViewCrl.h */,
				1D84E61018487F830005BCB8 /* GVStartViewCrl.m */,
				1D84E61118487F830005BCB8 /* GVStartViewCrl.xib */,
				1D84E617184884780005BCB8 /* GVGameViewCrl.h */,
				1D84E618184884780005BCB8 /* GVGameViewCrl.m */,
				1D84E619184884780005BCB8 /* GVGameViewCrl.xib */,
				1D84E61C184886D90005BCB8 /* GVCell.h */,
				1D84E61D184886D90005BCB8 /* GVCell.m */,
				1D84E61F1848873E0005BCB8 /* GVGameProfile.h */,
				1D84E6201848873E0005BCB8 /* GVGameProfile.m */,
				1D84E62518489EB20005BCB8 /* GVEventViewCrl.h */,
				1D84E62618489EB20005BCB8 /* GVEventViewCrl.m */,
				1D84E62718489EB20005BCB8 /* GVEventViewCrl.xib */,
			);
			path = GreadyValley;
			sourceTree = "<group>";
		};
		1D5BC8FE18485C9400983B90 /* Supporting Files */ = {
			isa = PBXGroup;
			children = (
				1D5BC92C18485F6200983B90 /* images */,
				1D5BC8FF18485C9400983B90 /* GreadyValley-Info.plist */,
				1D5BC90018485C9400983B90 /* InfoPlist.strings */,
				1D5BC90318485C9400983B90 /* main.m */,
				1D5BC90518485C9400983B90 /* GreadyValley-Prefix.pch */,
			);
			name = "Supporting Files";
			sourceTree = "<group>";
		};
		1D5BC91C18485C9500983B90 /* GreadyValleyTests */ = {
			isa = PBXGroup;
			children = (
				1D5BC92218485C9500983B90 /* GreadyValleyTests.m */,
				1D5BC91D18485C9500983B90 /* Supporting Files */,
			);
			path = GreadyValleyTests;
			sourceTree = "<group>";
		};
		1D5BC91D18485C9500983B90 /* Supporting Files */ = {
			isa = PBXGroup;
			children = (
				1D5BC91E18485C9500983B90 /* GreadyValleyTests-Info.plist */,
				1D5BC91F18485C9500983B90 /* InfoPlist.strings */,
			);
			name = "Supporting Files";
			sourceTree = "<group>";
		};
		1D5BC92C18485F6200983B90 /* images */ = {
			isa = PBXGroup;
			children = (
				1D84E615184883B00005BCB8 /* profile.jpg */,
				1D84E60A18487BA80005BCB8 /* facebook_login.png */,
				1D84E607184878FA0005BCB8 /* Logo.jpeg */,
				1D5BC92D18485F6200983B90 /* 0.jpg */,
				1D5BC92E18485F6200983B90 /* 1.jpg */,
				1D5BC92F18485F6200983B90 /* 2.jpg */,
				1D5BC93018485F6200983B90 /* 3.jpg */,
				1D5BC93118485F6200983B90 /* 4.jpg */,
			);
			path = images;
			sourceTree = "<group>";
		};
		68FBE5751848A38800749228 /* Libs */ = {
			isa = PBXGroup;
			children = (
				68FBE5761848A38800749228 /* AFNetworking-master */,
				68FBE5FD1848A38900749228 /* JSONKit-master */,
			);
			path = Libs;
			sourceTree = "<group>";
		};
		68FBE5761848A38800749228 /* AFNetworking-master */ = {
			isa = PBXGroup;
			children = (
				68FBE5771848A38800749228 /* .gitignore */,
				68FBE5781848A38800749228 /* .travis.yml */,
				68FBE5791848A38800749228 /* AFNetworking */,
				68FBE58D1848A38800749228 /* AFNetworking.podspec */,
				68FBE5ED1848A38900749228 /* UIKit+AFNetworking */,
			);
			path = "AFNetworking-master";
			sourceTree = "<group>";
		};
		68FBE5791848A38800749228 /* AFNetworking */ = {
			isa = PBXGroup;
			children = (
				68FBE57A1848A38800749228 /* AFHTTPRequestOperation.h */,
				68FBE57B1848A38800749228 /* AFHTTPRequestOperation.m */,
				68FBE57C1848A38800749228 /* AFHTTPRequestOperationManager.h */,
				68FBE57D1848A38800749228 /* AFHTTPRequestOperationManager.m */,
				68FBE57E1848A38800749228 /* AFHTTPSessionManager.h */,
				68FBE57F1848A38800749228 /* AFHTTPSessionManager.m */,
				68FBE5801848A38800749228 /* AFNetworking.h */,
				68FBE5811848A38800749228 /* AFNetworkReachabilityManager.h */,
				68FBE5821848A38800749228 /* AFNetworkReachabilityManager.m */,
				68FBE5831848A38800749228 /* AFSecurityPolicy.h */,
				68FBE5841848A38800749228 /* AFSecurityPolicy.m */,
				68FBE5851848A38800749228 /* AFURLConnectionOperation.h */,
				68FBE5861848A38800749228 /* AFURLConnectionOperation.m */,
				68FBE5871848A38800749228 /* AFURLRequestSerialization.h */,
				68FBE5881848A38800749228 /* AFURLRequestSerialization.m */,
				68FBE5891848A38800749228 /* AFURLResponseSerialization.h */,
				68FBE58A1848A38800749228 /* AFURLResponseSerialization.m */,
				68FBE58B1848A38800749228 /* AFURLSessionManager.h */,
				68FBE58C1848A38800749228 /* AFURLSessionManager.m */,
			);
			path = AFNetworking;
			sourceTree = "<group>";
		};
		68FBE5ED1848A38900749228 /* UIKit+AFNetworking */ = {
			isa = PBXGroup;
			children = (
				68FBE5EE1848A38900749228 /* AFNetworkActivityIndicatorManager.h */,
				68FBE5EF1848A38900749228 /* AFNetworkActivityIndicatorManager.m */,
				68FBE5F01848A38900749228 /* UIActivityIndicatorView+AFNetworking.h */,
				68FBE5F11848A38900749228 /* UIActivityIndicatorView+AFNetworking.m */,
				68FBE5F21848A38900749228 /* UIAlertView+AFNetworking.h */,
				68FBE5F31848A38900749228 /* UIAlertView+AFNetworking.m */,
				68FBE5F41848A38900749228 /* UIButton+AFNetworking.h */,
				68FBE5F51848A38900749228 /* UIButton+AFNetworking.m */,
				68FBE5F61848A38900749228 /* UIImageView+AFNetworking.h */,
				68FBE5F71848A38900749228 /* UIImageView+AFNetworking.m */,
				68FBE5F81848A38900749228 /* UIKit+AFNetworking.h */,
				68FBE5F91848A38900749228 /* UIProgressView+AFNetworking.h */,
				68FBE5FA1848A38900749228 /* UIProgressView+AFNetworking.m */,
				68FBE5FB1848A38900749228 /* UIWebView+AFNetworking.h */,
				68FBE5FC1848A38900749228 /* UIWebView+AFNetworking.m */,
			);
			path = "UIKit+AFNetworking";
			sourceTree = "<group>";
		};
		68FBE5FD1848A38900749228 /* JSONKit-master */ = {
			isa = PBXGroup;
			children = (
				68FBE5FF1848A38900749228 /* JSONKit.h */,
				68FBE6001848A38900749228 /* JSONKit.m */,
			);
			path = "JSONKit-master";
			sourceTree = "<group>";
		};
		68FBE65C1848A9D200749228 /* NetworkTestbed */ = {
			isa = PBXGroup;
			children = (
				68FBE65D1848A9F300749228 /* FBFunctionViewController.h */,
				68FBE65E1848A9F300749228 /* FBFunctionViewController.m */,
				68FBE65F1848A9F300749228 /* FBFunctionViewController.xib */,
			);
			path = NetworkTestbed;
			sourceTree = "<group>";
		};
		68FBE6621848AF8200749228 /* Frameworks */ = {
			isa = PBXGroup;
			children = (
				68FBE6631848AF8200749228 /* FacebookSDK.framework */,
			);
			path = Frameworks;
			sourceTree = "<group>";
		};
/* End PBXGroup section */

/* Begin PBXNativeTarget section */
		1D5BC8F318485C9400983B90 /* GreadyValley */ = {
			isa = PBXNativeTarget;
			buildConfigurationList = 1D5BC92618485C9500983B90 /* Build configuration list for PBXNativeTarget "GreadyValley" */;
			buildPhases = (
				1D5BC8F018485C9400983B90 /* Sources */,
				1D5BC8F118485C9400983B90 /* Frameworks */,
				1D5BC8F218485C9400983B90 /* Resources */,
			);
			buildRules = (
			);
			dependencies = (
			);
			name = GreadyValley;
			productName = GreadyValley;
			productReference = 1D5BC8F418485C9400983B90 /* GreadyValley.app */;
			productType = "com.apple.product-type.application";
		};
		1D5BC91418485C9500983B90 /* GreadyValleyTests */ = {
			isa = PBXNativeTarget;
			buildConfigurationList = 1D5BC92918485C9500983B90 /* Build configuration list for PBXNativeTarget "GreadyValleyTests" */;
			buildPhases = (
				1D5BC91118485C9500983B90 /* Sources */,
				1D5BC91218485C9500983B90 /* Frameworks */,
				1D5BC91318485C9500983B90 /* Resources */,
			);
			buildRules = (
			);
			dependencies = (
				1D5BC91B18485C9500983B90 /* PBXTargetDependency */,
			);
			name = GreadyValleyTests;
			productName = GreadyValleyTests;
			productReference = 1D5BC91518485C9500983B90 /* GreadyValleyTests.xctest */;
			productType = "com.apple.product-type.bundle.unit-test";
		};
/* End PBXNativeTarget section */

/* Begin PBXProject section */
		1D5BC8EC18485C9400983B90 /* Project object */ = {
			isa = PBXProject;
			attributes = {
				CLASSPREFIX = GV;
				LastUpgradeCheck = 0500;
				ORGANIZATIONNAME = woomoo;
				TargetAttributes = {
					1D5BC91418485C9500983B90 = {
						TestTargetID = 1D5BC8F318485C9400983B90;
					};
				};
			};
			buildConfigurationList = 1D5BC8EF18485C9400983B90 /* Build configuration list for PBXProject "GreadyValley" */;
			compatibilityVersion = "Xcode 3.2";
			developmentRegion = English;
			hasScannedForEncodings = 0;
			knownRegions = (
				en,
				Base,
			);
			mainGroup = 1D5BC8EB18485C9400983B90;
			productRefGroup = 1D5BC8F518485C9400983B90 /* Products */;
			projectDirPath = "";
			projectRoot = "";
			targets = (
				1D5BC8F318485C9400983B90 /* GreadyValley */,
				1D5BC91418485C9500983B90 /* GreadyValleyTests */,
			);
		};
/* End PBXProject section */

/* Begin PBXResourcesBuildPhase section */
		1D5BC8F218485C9400983B90 /* Resources */ = {
			isa = PBXResourcesBuildPhase;
			buildActionMask = 2147483647;
			files = (
				68FBE6021848A38900749228 /* .gitignore in Resources */,
				1D5BC93618485F6200983B90 /* 4.jpg in Resources */,
				1D84E616184883B00005BCB8 /* profile.jpg in Resources */,
				68FBE6031848A38900749228 /* .travis.yml in Resources */,
				1D5BC93418485F6200983B90 /* 2.jpg in Resources */,
				1D84E60B18487BA80005BCB8 /* facebook_login.png in Resources */,
				1D84E608184878FA0005BCB8 /* Logo.jpeg in Resources */,
				1D5BC9381848670A00983B90 /* LoginView.xib in Resources */,
				1D5BC93218485F6200983B90 /* 0.jpg in Resources */,
				68FBE6611848A9F300749228 /* FBFunctionViewController.xib in Resources */,
				1D84E61B184884780005BCB8 /* GVGameViewCrl.xib in Resources */,
				1D84E62918489EB20005BCB8 /* GVEventViewCrl.xib in Resources */,
				1D5BC91018485C9400983B90 /* Images.xcassets in Resources */,
				1D5BC90218485C9400983B90 /* InfoPlist.strings in Resources */,
				1D5BC90B18485C9400983B90 /* Main.storyboard in Resources */,
				1D5BC93518485F6200983B90 /* 3.jpg in Resources */,
				1D84E61318487F830005BCB8 /* GVStartViewCrl.xib in Resources */,
				1D5BC93318485F6200983B90 /* 1.jpg in Resources */,
				68FBE60D1848A38900749228 /* AFNetworking.podspec in Resources */,
			);
			runOnlyForDeploymentPostprocessing = 0;
		};
		1D5BC91318485C9500983B90 /* Resources */ = {
			isa = PBXResourcesBuildPhase;
			buildActionMask = 2147483647;
			files = (
				1D5BC92118485C9500983B90 /* InfoPlist.strings in Resources */,
			);
			runOnlyForDeploymentPostprocessing = 0;
		};
/* End PBXResourcesBuildPhase section */

/* Begin PBXSourcesBuildPhase section */
		1D5BC8F018485C9400983B90 /* Sources */ = {
			isa = PBXSourcesBuildPhase;
			buildActionMask = 2147483647;
			files = (
				68FBE60C1848A38900749228 /* AFURLSessionManager.m in Sources */,
				68FBE6091848A38900749228 /* AFURLConnectionOperation.m in Sources */,
				68FBE6041848A38900749228 /* AFHTTPRequestOperation.m in Sources */,
				1D84E61A184884780005BCB8 /* GVGameViewCrl.m in Sources */,
				68FBE6491848A38900749228 /* UIWebView+AFNetworking.m in Sources */,
				68FBE6461848A38900749228 /* UIButton+AFNetworking.m in Sources */,
				68FBE64B1848A38900749228 /* JSONKit.m in Sources */,
				68FBE6441848A38900749228 /* UIActivityIndicatorView+AFNetworking.m in Sources */,
				68FBE6051848A38900749228 /* AFHTTPRequestOperationManager.m in Sources */,
				1D5BC90418485C9400983B90 /* main.m in Sources */,
				1D84E61E184886D90005BCB8 /* GVCell.m in Sources */,
				68FBE6061848A38900749228 /* AFHTTPSessionManager.m in Sources */,
				68FBE6451848A38900749228 /* UIAlertView+AFNetworking.m in Sources */,
				1D5BC90E18485C9400983B90 /* GVViewController.m in Sources */,
				1D84E6211848873E0005BCB8 /* GVGameProfile.m in Sources */,
				1D84E61218487F830005BCB8 /* GVStartViewCrl.m in Sources */,
				68FBE6471848A38900749228 /* UIImageView+AFNetworking.m in Sources */,
				68FBE6481848A38900749228 /* UIProgressView+AFNetworking.m in Sources */,
				68FBE6081848A38900749228 /* AFSecurityPolicy.m in Sources */,
				1D84E62818489EB20005BCB8 /* GVEventViewCrl.m in Sources */,
				68FBE60A1848A38900749228 /* AFURLRequestSerialization.m in Sources */,
				68FBE6071848A38900749228 /* AFNetworkReachabilityManager.m in Sources */,
				68FBE6601848A9F300749228 /* FBFunctionViewController.m in Sources */,
				68FBE60B1848A38900749228 /* AFURLResponseSerialization.m in Sources */,
				68FBE6431848A38900749228 /* AFNetworkActivityIndicatorManager.m in Sources */,
				1D5BC90818485C9400983B90 /* GVAppDelegate.m in Sources */,
			);
			runOnlyForDeploymentPostprocessing = 0;
		};
		1D5BC91118485C9500983B90 /* Sources */ = {
			isa = PBXSourcesBuildPhase;
			buildActionMask = 2147483647;
			files = (
				1D5BC92318485C9500983B90 /* GreadyValleyTests.m in Sources */,
			);
			runOnlyForDeploymentPostprocessing = 0;
		};
/* End PBXSourcesBuildPhase section */

/* Begin PBXTargetDependency section */
		1D5BC91B18485C9500983B90 /* PBXTargetDependency */ = {
			isa = PBXTargetDependency;
			target = 1D5BC8F318485C9400983B90 /* GreadyValley */;
			targetProxy = 1D5BC91A18485C9500983B90 /* PBXContainerItemProxy */;
		};
/* End PBXTargetDependency section */

/* Begin PBXVariantGroup section */
		1D5BC90018485C9400983B90 /* InfoPlist.strings */ = {
			isa = PBXVariantGroup;
			children = (
				1D5BC90118485C9400983B90 /* en */,
			);
			name = InfoPlist.strings;
			sourceTree = "<group>";
		};
		1D5BC90918485C9400983B90 /* Main.storyboard */ = {
			isa = PBXVariantGroup;
			children = (
				1D5BC90A18485C9400983B90 /* Base */,
			);
			name = Main.storyboard;
			sourceTree = "<group>";
		};
		1D5BC91F18485C9500983B90 /* InfoPlist.strings */ = {
			isa = PBXVariantGroup;
			children = (
				1D5BC92018485C9500983B90 /* en */,
			);
			name = InfoPlist.strings;
			sourceTree = "<group>";
		};
/* End PBXVariantGroup section */

/* Begin XCBuildConfiguration section */
		1D5BC92418485C9500983B90 /* Debug */ = {
			isa = XCBuildConfiguration;
			buildSettings = {
				ALWAYS_SEARCH_USER_PATHS = NO;
				ARCHS = "$(ARCHS_STANDARD_INCLUDING_64_BIT)";
				CLANG_CXX_LANGUAGE_STANDARD = "gnu++0x";
				CLANG_CXX_LIBRARY = "libc++";
				CLANG_ENABLE_MODULES = YES;
				CLANG_ENABLE_OBJC_ARC = YES;
				CLANG_WARN_BOOL_CONVERSION = YES;
				CLANG_WARN_CONSTANT_CONVERSION = YES;
				CLANG_WARN_DIRECT_OBJC_ISA_USAGE = YES_ERROR;
				CLANG_WARN_EMPTY_BODY = YES;
				CLANG_WARN_ENUM_CONVERSION = YES;
				CLANG_WARN_INT_CONVERSION = YES;
				CLANG_WARN_OBJC_ROOT_CLASS = YES_ERROR;
				CLANG_WARN__DUPLICATE_METHOD_MATCH = YES;
				"CODE_SIGN_IDENTITY[sdk=iphoneos*]" = "iPhone Developer";
				COPY_PHASE_STRIP = NO;
				GCC_C_LANGUAGE_STANDARD = gnu99;
				GCC_DYNAMIC_NO_PIC = NO;
				GCC_OPTIMIZATION_LEVEL = 0;
				GCC_PREPROCESSOR_DEFINITIONS = (
					"DEBUG=1",
					"$(inherited)",
				);
				GCC_SYMBOLS_PRIVATE_EXTERN = NO;
				GCC_WARN_64_TO_32_BIT_CONVERSION = YES;
				GCC_WARN_ABOUT_RETURN_TYPE = YES_ERROR;
				GCC_WARN_UNDECLARED_SELECTOR = YES;
				GCC_WARN_UNINITIALIZED_AUTOS = YES;
				GCC_WARN_UNUSED_FUNCTION = YES;
				GCC_WARN_UNUSED_VARIABLE = YES;
				IPHONEOS_DEPLOYMENT_TARGET = 7.0;
				ONLY_ACTIVE_ARCH = YES;
				SDKROOT = iphoneos;
			};
			name = Debug;
		};
		1D5BC92518485C9500983B90 /* Release */ = {
			isa = XCBuildConfiguration;
			buildSettings = {
				ALWAYS_SEARCH_USER_PATHS = NO;
				ARCHS = "$(ARCHS_STANDARD_INCLUDING_64_BIT)";
				CLANG_CXX_LANGUAGE_STANDARD = "gnu++0x";
				CLANG_CXX_LIBRARY = "libc++";
				CLANG_ENABLE_MODULES = YES;
				CLANG_ENABLE_OBJC_ARC = YES;
				CLANG_WARN_BOOL_CONVERSION = YES;
				CLANG_WARN_CONSTANT_CONVERSION = YES;
				CLANG_WARN_DIRECT_OBJC_ISA_USAGE = YES_ERROR;
				CLANG_WARN_EMPTY_BODY = YES;
				CLANG_WARN_ENUM_CONVERSION = YES;
				CLANG_WARN_INT_CONVERSION = YES;
				CLANG_WARN_OBJC_ROOT_CLASS = YES_ERROR;
				CLANG_WARN__DUPLICATE_METHOD_MATCH = YES;
				"CODE_SIGN_IDENTITY[sdk=iphoneos*]" = "iPhone Developer";
				COPY_PHASE_STRIP = YES;
				ENABLE_NS_ASSERTIONS = NO;
				GCC_C_LANGUAGE_STANDARD = gnu99;
				GCC_WARN_64_TO_32_BIT_CONVERSION = YES;
				GCC_WARN_ABOUT_RETURN_TYPE = YES_ERROR;
				GCC_WARN_UNDECLARED_SELECTOR = YES;
				GCC_WARN_UNINITIALIZED_AUTOS = YES;
				GCC_WARN_UNUSED_FUNCTION = YES;
				GCC_WARN_UNUSED_VARIABLE = YES;
				IPHONEOS_DEPLOYMENT_TARGET = 7.0;
				SDKROOT = iphoneos;
				VALIDATE_PRODUCT = YES;
			};
			name = Release;
		};
		1D5BC92718485C9500983B90 /* Debug */ = {
			isa = XCBuildConfiguration;
			buildSettings = {
				ASSETCATALOG_COMPILER_APPICON_NAME = AppIcon;
				ASSETCATALOG_COMPILER_LAUNCHIMAGE_NAME = LaunchImage;
				FRAMEWORK_SEARCH_PATHS = (
					"$(inherited)",
					./Frameworks,
				);
				GCC_PRECOMPILE_PREFIX_HEADER = YES;
				GCC_PREFIX_HEADER = "GreadyValley/GreadyValley-Prefix.pch";
				INFOPLIST_FILE = "GreadyValley/GreadyValley-Info.plist";
				PRODUCT_NAME = "$(TARGET_NAME)";
				WRAPPER_EXTENSION = app;
			};
			name = Debug;
		};
		1D5BC92818485C9500983B90 /* Release */ = {
			isa = XCBuildConfiguration;
			buildSettings = {
				ASSETCATALOG_COMPILER_APPICON_NAME = AppIcon;
				ASSETCATALOG_COMPILER_LAUNCHIMAGE_NAME = LaunchImage;
				FRAMEWORK_SEARCH_PATHS = (
					"$(inherited)",
					./Frameworks,
				);
				GCC_PRECOMPILE_PREFIX_HEADER = YES;
				GCC_PREFIX_HEADER = "GreadyValley/GreadyValley-Prefix.pch";
				INFOPLIST_FILE = "GreadyValley/GreadyValley-Info.plist";
				PRODUCT_NAME = "$(TARGET_NAME)";
				WRAPPER_EXTENSION = app;
			};
			name = Release;
		};
		1D5BC92A18485C9500983B90 /* Debug */ = {
			isa = XCBuildConfiguration;
			buildSettings = {
				ARCHS = "$(ARCHS_STANDARD_INCLUDING_64_BIT)";
				BUNDLE_LOADER = "$(BUILT_PRODUCTS_DIR)/GreadyValley.app/GreadyValley";
				FRAMEWORK_SEARCH_PATHS = (
					"$(SDKROOT)/Developer/Library/Frameworks",
					"$(inherited)",
					"$(DEVELOPER_FRAMEWORKS_DIR)",
				);
				GCC_PRECOMPILE_PREFIX_HEADER = YES;
				GCC_PREFIX_HEADER = "GreadyValley/GreadyValley-Prefix.pch";
				GCC_PREPROCESSOR_DEFINITIONS = (
					"DEBUG=1",
					"$(inherited)",
				);
				INFOPLIST_FILE = "GreadyValleyTests/GreadyValleyTests-Info.plist";
				PRODUCT_NAME = "$(TARGET_NAME)";
				TEST_HOST = "$(BUNDLE_LOADER)";
				WRAPPER_EXTENSION = xctest;
			};
			name = Debug;
		};
		1D5BC92B18485C9500983B90 /* Release */ = {
			isa = XCBuildConfiguration;
			buildSettings = {
				ARCHS = "$(ARCHS_STANDARD_INCLUDING_64_BIT)";
				BUNDLE_LOADER = "$(BUILT_PRODUCTS_DIR)/GreadyValley.app/GreadyValley";
				FRAMEWORK_SEARCH_PATHS = (
					"$(SDKROOT)/Developer/Library/Frameworks",
					"$(inherited)",
					"$(DEVELOPER_FRAMEWORKS_DIR)",
				);
				GCC_PRECOMPILE_PREFIX_HEADER = YES;
				GCC_PREFIX_HEADER = "GreadyValley/GreadyValley-Prefix.pch";
				INFOPLIST_FILE = "GreadyValleyTests/GreadyValleyTests-Info.plist";
				PRODUCT_NAME = "$(TARGET_NAME)";
				TEST_HOST = "$(BUNDLE_LOADER)";
				WRAPPER_EXTENSION = xctest;
			};
			name = Release;
		};
/* End XCBuildConfiguration section */

/* Begin XCConfigurationList section */
		1D5BC8EF18485C9400983B90 /* Build configuration list for PBXProject "GreadyValley" */ = {
			isa = XCConfigurationList;
			buildConfigurations = (
				1D5BC92418485C9500983B90 /* Debug */,
				1D5BC92518485C9500983B90 /* Release */,
			);
			defaultConfigurationIsVisible = 0;
			defaultConfigurationName = Release;
		};
		1D5BC92618485C9500983B90 /* Build configuration list for PBXNativeTarget "GreadyValley" */ = {
			isa = XCConfigurationList;
			buildConfigurations = (
				1D5BC92718485C9500983B90 /* Debug */,
				1D5BC92818485C9500983B90 /* Release */,
			);
			defaultConfigurationIsVisible = 0;
			defaultConfigurationName = Release;
		};
		1D5BC92918485C9500983B90 /* Build configuration list for PBXNativeTarget "GreadyValleyTests" */ = {
			isa = XCConfigurationList;
			buildConfigurations = (
				1D5BC92A18485C9500983B90 /* Debug */,
				1D5BC92B18485C9500983B90 /* Release */,
			);
			defaultConfigurationIsVisible = 0;
			defaultConfigurationName = Release;
		};
/* End XCConfigurationList section */
	};
	rootObject = 1D5BC8EC18485C9400983B90 /* Project object */;
}
